
Microsoft Visual Studio Solution File, Format Version 12.00
# Visual Studio Version 17
VisualStudioVersion = 17.8.34330.188
MinimumVisualStudioVersion = 10.0.40219.1
Project("{FAE04EC0-301F-11D3-BF4B-00C04F79EFBC}") = "Lab7Task", "Lab7Task\Lab7Task.csproj", "{1AC65C56-E9BF-4ADB-B85A-53E177673841}"
EndProject
Global
	GlobalSection(SolutionConfigurationPlatforms) = preSolution
		Debug|Any CPU = Debug|Any CPU
		Release|Any CPU = Release|Any CPU
	EndGlobalSection
	GlobalSection(ProjectConfigurationPlatforms) = postSolution
		{1AC65C56-E9BF-4ADB-B85A-53E177673841}.Debug|Any CPU.ActiveCfg = Debug|Any CPU
		{1AC65C56-E9BF-4ADB-B85A-53E177673841}.Debug|Any CPU.Build.0 = Debug|Any CPU
		{1AC65C56-E9BF-4ADB-B85A-53E177673841}.Release|Any CPU.ActiveCfg = Release|Any CPU
		{1AC65C56-E9BF-4ADB-B85A-53E177673841}.Release|Any CPU.Build.0 = Release|Any CPU
	EndGlobalSection
	GlobalSection(SolutionProperties) = preSolution
		HideSolutionNode = FALSE
	EndGlobalSection
	GlobalSection(ExtensibilityGlobals) = postSolution
		SolutionGuid = {CC642BA8-E09D-4EA6-9001-F624E4CF344E}
	EndGlobalSection
EndGlobal
